
Microsoft Visual Studio Solution File, Format Version 12.00
# Visual Studio Version 16
VisualStudioVersion = 16.0.31005.135
MinimumVisualStudioVersion = 10.0.40219.1
Project("{FAE04EC0-301F-11D3-BF4B-00C04F79EFBC}") = "CaseManagementAPI", "CaseManagementAPI.csproj", "{3615C7E6-BE76-48AC-8619-ABCFE3E7CF33}"
EndProject
Global
	GlobalSection(SolutionConfigurationPlatforms) = preSolution
		Debug|Any CPU = Debug|Any CPU
		Release|Any CPU = Release|Any CPU
	EndGlobalSection
	GlobalSection(ProjectConfigurationPlatforms) = postSolution
		{3615C7E6-BE76-48AC-8619-ABCFE3E7CF33}.Debug|Any CPU.ActiveCfg = Debug|Any CPU
		{3615C7E6-BE76-48AC-8619-ABCFE3E7CF33}.Debug|Any CPU.Build.0 = Debug|Any CPU
		{3615C7E6-BE76-48AC-8619-ABCFE3E7CF33}.Release|Any CPU.ActiveCfg = Release|Any CPU
		{3615C7E6-BE76-48AC-8619-ABCFE3E7CF33}.Release|Any CPU.Build.0 = Release|Any CPU
	EndGlobalSection
	GlobalSection(SolutionProperties) = preSolution
		HideSolutionNode = FALSE
	EndGlobalSection
	GlobalSection(ExtensibilityGlobals) = postSolution
		SolutionGuid = {C8D61E6A-2A3C-4C71-8D49-7E0AEB364914}
	EndGlobalSection
EndGlobal
